lockfileVersion: '6.0'

settings:
  autoInstallPeers: true
  excludeLinksFromLockfile: false

dependencies:
  '@3-/dbq':
    specifier: ^0.1.18
    version: 0.1.18(@3-/is_dev@0.1.1)(mariadb@3.2.3)
  '@3-/default':
    specifier: ^0.1.7
    version: 0.1.7
  '@3-/nt':
    specifier: ^0.1.2
    version: 0.1.2
  '@3-/str2sec':
    specifier: ^0.1.2
    version: 0.1.2
  '@3-/time':
    specifier: ^0.1.3
    version: 0.1.3

packages:

  /@3-/caller_line@0.0.1:
    resolution: {integrity: sha512-ABXNqaN3kT4CBAdi43yjQQk7gbv7wkUAvlUIk+EC6DKptfiRSJtsRnYAjX17qYprdtpnYd5o8uESbS4xEP1hSw==}
    dev: false

  /@3-/dbq@0.1.18(@3-/is_dev@0.1.1)(mariadb@3.2.3):
    resolution: {integrity: sha512-RhC/wEGmFyKK86zUQChZTpqSbommMGNOcVK8Ce7e9giRX7gLlfF8g2h8NbYibvwgAnvNF/tPgYR+dIGeyE15eQ==}
    peerDependencies:
      '@3-/is_dev': ^0.1.1
      mariadb: ^3.2.3
    dependencies:
      '@3-/is_dev': 0.1.1
      '@3-/retry': 0.0.1
      mariadb: 3.2.3
    dev: false

  /@3-/default@0.1.7:
    resolution: {integrity: sha512-uKc6WBqgqWESLaZ88SsnZWavExUmC8B70WUXxeqiethZZi8qqhY31iDxl7YtSJ4OwbQtEJL25B+QZtMVWgk4/g==}
    dev: false

  /@3-/is_dev@0.1.1:
    resolution: {integrity: sha512-8fwTDQsIZy9XlZcc69sT9J3JM2hjMymEZrJ4reQ+MgQJWmKduBA75Ywuy3/Y3ExmIMpO8l6fwzAJafi/Ym0afg==}
    dev: false

  /@3-/nt@0.1.2:
    resolution: {integrity: sha512-kfFAohm5nSLHpQOJxSLbjwhAoWPKArrItjPigzJWh+HOgTFhv2T4BWRpWgPSiS9jfe2HM7xbCZsZIp8v4s14oQ==}
    dependencies:
      '@3-/read': 0.0.1
      '@3-/write': 0.0.1
    dev: false

  /@3-/read@0.0.1:
    resolution: {integrity: sha512-yTSQz6SC8yeFIAzXpTQmqQrJvlW5LG9+t1xy0QuWp8oG3uhxpXs+8M7dRcqFQz+bWdCc33gzcnCWJe12Hx3eQg==}
    dev: false

  /@3-/retry@0.0.1:
    resolution: {integrity: sha512-XB/6DNobSb/ZEeWyHqMGyHUHRTOjXCEIXLaWqdojlHJuiScnK7gkXYzuM1bU0t9AFl4ejl/COdo7ekKtyDtPLQ==}
    dependencies:
      '@3-/caller_line': 0.0.1
      '@3-/sleep': 0.0.3
    dev: false

  /@3-/sleep@0.0.3:
    resolution: {integrity: sha512-QcbMvCjN1iylVzOv8VGuAwHKFtRxbNmAenYc9OfvxA/Dl9vyBoSGO3bRovLkYL2jm4lx/R33SPJ8f6JwpKbC+w==}
    dev: false

  /@3-/str2sec@0.1.2:
    resolution: {integrity: sha512-DffX/BWJ5jTfgKvKBvOnXesvADai0ZBJu8Dk2uomPncLlJtBElxXqcAAbgIlbG1T46/sti5eKG3waF+QDWGFfQ==}
    dev: false

  /@3-/time@0.1.3:
    resolution: {integrity: sha512-ajOkL/eDj6ZbBD32ujVhWhjKYkDdvOyEevUTSdWCqmFv/z52HBbRGbV65GX7bizOSv5fXqfoQe/AkUlzM96Tzw==}
    dev: false

  /@3-/write@0.0.1:
    resolution: {integrity: sha512-EvXAzDdmAynZyNJyMD5l90RfKhxYglJMJ5tXx3rj9VCUrFNhZnlRTIOJrteMtgtFsfTLf2hUrbh7TtPBnjgpLg==}
    dev: false

  /@types/geojson@7946.0.13:
    resolution: {integrity: sha512-bmrNrgKMOhM3WsafmbGmC+6dsF2Z308vLFsQ3a/bT8X8Sv5clVYpPars/UPq+sAaJP+5OoLAYgwbkS5QEJdLUQ==}
    dev: false

  /@types/node@17.0.45:
    resolution: {integrity: sha512-w+tIMs3rq2afQdsPJlODhoUEKzFP1ayaoyl1CcnwtIlsVe7K7bA1NGm4s3PraqTLlXnbIN84zuBlxBWo1u9BLw==}
    dev: false

  /denque@2.1.0:
    resolution: {integrity: sha512-HVQE3AAb/pxF8fQAoiqpvg9i3evqug3hoiwakOyZAwJm+6vZehbkYXZ0l4JxS+I3QxM97v5aaRNhj8v5oBhekw==}
    engines: {node: '>=0.10'}
    dev: false

  /iconv-lite@0.6.3:
    resolution: {integrity: sha512-4fCk79wshMdzMp2rH06qWrJE4iolqLhCUH+OiuIgU++RB0+94NlDL81atO7GX55uUKueo0txHNtvEyI6D7WdMw==}
    engines: {node: '>=0.10.0'}
    dependencies:
      safer-buffer: 2.1.2
    dev: false

  /lru-cache@10.1.0:
    resolution: {integrity: sha512-/1clY/ui8CzjKFyjdvwPWJUYKiFVXG2I2cY0ssG7h4+hwk+XOIX7ZSG9Q7TW8TW3Kp3BUSqgFWBLgL4PJ+Blag==}
    engines: {node: 14 || >=16.14}
    dev: false

  /mariadb@3.2.3:
    resolution: {integrity: sha512-Hyc1ehdUJwzvvzcLU2juZS528wJ6oE8pUlpgY0BAOdpKWcdN1motuugi5lC3jkpCkFpyNknHG7Yg66KASl3aPg==}
    engines: {node: '>= 12'}
    dependencies:
      '@types/geojson': 7946.0.13
      '@types/node': 17.0.45
      denque: 2.1.0
      iconv-lite: 0.6.3
      lru-cache: 10.1.0
    dev: false

  /safer-buffer@2.1.2:
    resolution: {integrity: sha512-YZo3K82SD7Riyi0E1EQPojLz7kpepnSQI9IyPbHHg1XXXevb5dJI7tpyN2ADxGcQbHG7vcyRHk0cbwqcQriUtg==}
    dev: false
