lockfileVersion: '6.0'

settings:
  autoInstallPeers: true
  excludeLinksFromLockfile: false

dependencies:
  '@3-/is_dev':
    specifier: ^0.1.1
    version: 0.1.1
  mariadb:
    specifier: ^3.2.3
    version: 3.2.3

packages:

  /@3-/is_dev@0.1.1:
    resolution: {integrity: sha512-8fwTDQsIZy9XlZcc69sT9J3JM2hjMymEZrJ4reQ+MgQJWmKduBA75Ywuy3/Y3ExmIMpO8l6fwzAJafi/Ym0afg==}
    dev: false

  /@types/geojson@7946.0.13:
    resolution: {integrity: sha512-bmrNrgKMOhM3WsafmbGmC+6dsF2Z308vLFsQ3a/bT8X8Sv5clVYpPars/UPq+sAaJP+5OoLAYgwbkS5QEJdLUQ==}
    dev: false

  /@types/node@17.0.45:
    resolution: {integrity: sha512-w+tIMs3rq2afQdsPJlODhoUEKzFP1ayaoyl1CcnwtIlsVe7K7bA1NGm4s3PraqTLlXnbIN84zuBlxBWo1u9BLw==}
    dev: false

  /denque@2.1.0:
    resolution: {integrity: sha512-HVQE3AAb/pxF8fQAoiqpvg9i3evqug3hoiwakOyZAwJm+6vZehbkYXZ0l4JxS+I3QxM97v5aaRNhj8v5oBhekw==}
    engines: {node: '>=0.10'}
    dev: false

  /iconv-lite@0.6.3:
    resolution: {integrity: sha512-4fCk79wshMdzMp2rH06qWrJE4iolqLhCUH+OiuIgU++RB0+94NlDL81atO7GX55uUKueo0txHNtvEyI6D7WdMw==}
    engines: {node: '>=0.10.0'}
    dependencies:
      safer-buffer: 2.1.2
    dev: false

  /lru-cache@10.1.0:
    resolution: {integrity: sha512-/1clY/ui8CzjKFyjdvwPWJUYKiFVXG2I2cY0ssG7h4+hwk+XOIX7ZSG9Q7TW8TW3Kp3BUSqgFWBLgL4PJ+Blag==}
    engines: {node: 14 || >=16.14}
    dev: false

  /mariadb@3.2.3:
    resolution: {integrity: sha512-Hyc1ehdUJwzvvzcLU2juZS528wJ6oE8pUlpgY0BAOdpKWcdN1motuugi5lC3jkpCkFpyNknHG7Yg66KASl3aPg==}
    engines: {node: '>= 12'}
    dependencies:
      '@types/geojson': 7946.0.13
      '@types/node': 17.0.45
      denque: 2.1.0
      iconv-lite: 0.6.3
      lru-cache: 10.1.0
    dev: false

  /safer-buffer@2.1.2:
    resolution: {integrity: sha512-YZo3K82SD7Riyi0E1EQPojLz7kpepnSQI9IyPbHHg1XXXevb5dJI7tpyN2ADxGcQbHG7vcyRHk0cbwqcQriUtg==}
    dev: false
